
Microsoft Visual Studio Solution File, Format Version 12.00
# Visual Studio 15
VisualStudioVersion = 15.0.28307.902
MinimumVisualStudioVersion = 10.0.40219.1
Project("{FAE04EC0-301F-11D3-BF4B-00C04F79EFBC}") = "HuNN", "HuNN\HuNN.csproj", "{82A89A45-56EF-4645-8962-449D55DBFCAF}"
EndProject
Global
	GlobalSection(SolutionConfigurationPlatforms) = preSolution
		Debug|Any CPU = Debug|Any CPU
		Release|Any CPU = Release|Any CPU
	EndGlobalSection
	GlobalSection(ProjectConfigurationPlatforms) = postSolution
		{82A89A45-56EF-4645-8962-449D55DBFCAF}.Debug|Any CPU.ActiveCfg = Debug|Any CPU
		{82A89A45-56EF-4645-8962-449D55DBFCAF}.Debug|Any CPU.Build.0 = Debug|Any CPU
		{82A89A45-56EF-4645-8962-449D55DBFCAF}.Release|Any CPU.ActiveCfg = Release|Any CPU
		{82A89A45-56EF-4645-8962-449D55DBFCAF}.Release|Any CPU.Build.0 = Release|Any CPU
	EndGlobalSection
	GlobalSection(SolutionProperties) = preSolution
		HideSolutionNode = FALSE
	EndGlobalSection
	GlobalSection(ExtensibilityGlobals) = postSolution
		SolutionGuid = {AD3B7F33-98F1-41B1-B2A2-62D2FB7CB7F7}
	EndGlobalSection
EndGlobal
